
Microsoft Visual Studio Solution File, Format Version 12.00
# Visual Studio Version 17
VisualStudioVersion = 17.8.34525.116
MinimumVisualStudioVersion = 10.0.40219.1
Project("{FAE04EC0-301F-11D3-BF4B-00C04F79EFBC}") = "FloridaPALMInterfaces", "FloridaPALMInterfaces\FloridaPALMInterfaces.csproj", "{8A151C86-3865-4BAB-8449-26E84C3C21D9}"
EndProject
Project("{FAE04EC0-301F-11D3-BF4B-00C04F79EFBC}") = "ConsoleAppTester", "ConsoleAppTester\ConsoleAppTester.csproj", "{3648EFF5-8ED0-45D2-856B-F3BAC3B1B233}"
EndProject
Global
	GlobalSection(SolutionConfigurationPlatforms) = preSolution
		Debug|Any CPU = Debug|Any CPU
		Release|Any CPU = Release|Any CPU
	EndGlobalSection
	GlobalSection(ProjectConfigurationPlatforms) = postSolution
		{8A151C86-3865-4BAB-8449-26E84C3C21D9}.Debug|Any CPU.ActiveCfg = Debug|Any CPU
		{8A151C86-3865-4BAB-8449-26E84C3C21D9}.Debug|Any CPU.Build.0 = Debug|Any CPU
		{8A151C86-3865-4BAB-8449-26E84C3C21D9}.Release|Any CPU.ActiveCfg = Release|Any CPU
		{8A151C86-3865-4BAB-8449-26E84C3C21D9}.Release|Any CPU.Build.0 = Release|Any CPU
		{3648EFF5-8ED0-45D2-856B-F3BAC3B1B233}.Debug|Any CPU.ActiveCfg = Debug|Any CPU
		{3648EFF5-8ED0-45D2-856B-F3BAC3B1B233}.Debug|Any CPU.Build.0 = Debug|Any CPU
		{3648EFF5-8ED0-45D2-856B-F3BAC3B1B233}.Release|Any CPU.ActiveCfg = Release|Any CPU
		{3648EFF5-8ED0-45D2-856B-F3BAC3B1B233}.Release|Any CPU.Build.0 = Release|Any CPU
	EndGlobalSection
	GlobalSection(SolutionProperties) = preSolution
		HideSolutionNode = FALSE
	EndGlobalSection
	GlobalSection(ExtensibilityGlobals) = postSolution
		SolutionGuid = {F17EB3C1-06FF-4EFA-AE0D-D92A13BEAAD8}
	EndGlobalSection
EndGlobal
